// !$*UTF8*$!
{
	archiveVersion = 1;
	classes = {
	};
	objectVersion = 50;
	objects = {

/* Begin PBXBuildFile section */
		229FA7AE24CF9A7D00528F72 /* AppDelegate.swift in Sources */ = {isa = PBXBuildFile; fileRef = 229FA7AD24CF9A7D00528F72 /* AppDelegate.swift */; };
		229FA7B024CF9A7D00528F72 /* SceneDelegate.swift in Sources */ = {isa = PBXBuildFile; fileRef = 229FA7AF24CF9A7D00528F72 /* SceneDelegate.swift */; };
		229FA7B524CF9A7D00528F72 /* Main.storyboard in Resources */ = {isa = PBXBuildFile; fileRef = 229FA7B324CF9A7D00528F72 /* Main.storyboard */; };
		229FA7B824CF9A7D00528F72 /* ToDoLIstPro.xcdatamodeld in Sources */ = {isa = PBXBuildFile; fileRef = 229FA7B624CF9A7D00528F72 /* ToDoLIstPro.xcdatamodeld */; };
		229FA7BA24CF9A8100528F72 /* Assets.xcassets in Resources */ = {isa = PBXBuildFile; fileRef = 229FA7B924CF9A8100528F72 /* Assets.xcassets */; };
		229FA7BD24CF9A8100528F72 /* LaunchScreen.storyboard in Resources */ = {isa = PBXBuildFile; fileRef = 229FA7BB24CF9A8100528F72 /* LaunchScreen.storyboard */; };
		229FA7C724CFA00A00528F72 /* ToDoTableViewController.swift in Sources */ = {isa = PBXBuildFile; fileRef = 229FA7C624CFA00A00528F72 /* ToDoTableViewController.swift */; };
		229FA7C924CFA05100528F72 /* ToDo.swift in Sources */ = {isa = PBXBuildFile; fileRef = 229FA7C824CFA05100528F72 /* ToDo.swift */; };
/* End PBXBuildFile section */

/* Begin PBXFileReference section */
		229FA7AA24CF9A7D00528F72 /* ToDoLIstPro.app */ = {isa = PBXFileReference; explicitFileType = wrapper.application; includeInIndex = 0; path = ToDoLIstPro.app; sourceTree = BUILT_PRODUCTS_DIR; };
		229FA7AD24CF9A7D00528F72 /* AppDelegate.swift */ = {isa = PBXFileReference; lastKnownFileType = sourcecode.swift; path = AppDelegate.swift; sourceTree = "<group>"; };
		229FA7AF24CF9A7D00528F72 /* SceneDelegate.swift */ = {isa = PBXFileReference; lastKnownFileType = sourcecode.swift; path = SceneDelegate.swift; sourceTree = "<group>"; };
		229FA7B424CF9A7D00528F72 /* Base */ = {isa = PBXFileReference; lastKnownFileType = file.storyboard; name = Base; path = Base.lproj/Main.storyboard; sourceTree = "<group>"; };
		229FA7B724CF9A7D00528F72 /* ToDoLIstPro.xcdatamodel */ = {isa = PBXFileReference; lastKnownFileType = wrapper.xcdatamodel; path = ToDoLIstPro.xcdatamodel; sourceTree = "<group>"; };
		229FA7B924CF9A8100528F72 /* Assets.xcassets */ = {isa = PBXFileReference; lastKnownFileType = folder.assetcatalog; path = Assets.xcassets; sourceTree = "<group>"; };
		229FA7BC24CF9A8100528F72 /* Base */ = {isa = PBXFileReference; lastKnownFileType = file.storyboard; name = Base; path = Base.lproj/LaunchScreen.storyboard; sourceTree = "<group>"; };
		229FA7BE24CF9A8100528F72 /* Info.plist */ = {isa = PBXFileReference; lastKnownFileType = text.plist.xml; path = Info.plist; sourceTree = "<group>"; };
		229FA7C624CFA00A00528F72 /* ToDoTableViewController.swift */ = {isa = PBXFileReference; lastKnownFileType = sourcecode.swift; path = ToDoTableViewController.swift; sourceTree = "<group>"; };
		229FA7C824CFA05100528F72 /* ToDo.swift */ = {isa = PBXFileReference; lastKnownFileType = sourcecode.swift; path = ToDo.swift; sourceTree = "<group>"; };
/* End PBXFileReference section */

/* Begin PBXFrameworksBuildPhase section */
		229FA7A724CF9A7D00528F72 /* Frameworks */ = {
			isa = PBXFrameworksBuildPhase;
			buildActionMask = 2147483647;
			files = (
			);
			runOnlyForDeploymentPostprocessing = 0;
		};
/* End PBXFrameworksBuildPhase section */

/* Begin PBXGroup section */
		229FA7A124CF9A7D00528F72 = {
			isa = PBXGroup;
			children = (
				229FA7AC24CF9A7D00528F72 /* ToDoLIstPro */,
				229FA7AB24CF9A7D00528F72 /* Products */,
			);
			sourceTree = "<group>";
		};
		229FA7AB24CF9A7D00528F72 /* Products */ = {
			isa = PBXGroup;
			children = (
				229FA7AA24CF9A7D00528F72 /* ToDoLIstPro.app */,
			);
			name = Products;
			sourceTree = "<group>";
		};
		229FA7AC24CF9A7D00528F72 /* ToDoLIstPro */ = {
			isa = PBXGroup;
			children = (
				229FA7AD24CF9A7D00528F72 /* AppDelegate.swift */,
				229FA7AF24CF9A7D00528F72 /* SceneDelegate.swift */,
				229FA7B324CF9A7D00528F72 /* Main.storyboard */,
				229FA7C824CFA05100528F72 /* ToDo.swift */,
				229FA7C624CFA00A00528F72 /* ToDoTableViewController.swift */,
				229FA7B924CF9A8100528F72 /* Assets.xcassets */,
				229FA7BB24CF9A8100528F72 /* LaunchScreen.storyboard */,
				229FA7BE24CF9A8100528F72 /* Info.plist */,
				229FA7B624CF9A7D00528F72 /* ToDoLIstPro.xcdatamodeld */,
			);
			path = ToDoLIstPro;
			sourceTree = "<group>";
		};
/* End PBXGroup section */

/* Begin PBXNativeTarget section */
		229FA7A924CF9A7D00528F72 /* ToDoLIstPro */ = {
			isa = PBXNativeTarget;
			buildConfigurationList = 229FA7C124CF9A8100528F72 /* Build configuration list for PBXNativeTarget "ToDoLIstPro" */;
			buildPhases = (
				229FA7A624CF9A7D00528F72 /* Sources */,
				229FA7A724CF9A7D00528F72 /* Frameworks */,
				229FA7A824CF9A7D00528F72 /* Resources */,
			);
			buildRules = (
			);
			dependencies = (
			);
			name = ToDoLIstPro;
			productName = ToDoLIstPro;
			productReference = 229FA7AA24CF9A7D00528F72 /* ToDoLIstPro.app */;
			productType = "com.apple.product-type.application";
		};
/* End PBXNativeTarget section */

/* Begin PBXProject section */
		229FA7A224CF9A7D00528F72 /* Project object */ = {
			isa = PBXProject;
			attributes = {
				LastSwiftUpdateCheck = 1150;
				LastUpgradeCheck = 1150;
				ORGANIZATIONNAME = "Karen Gutierrez ";
				TargetAttributes = {
					229FA7A924CF9A7D00528F72 = {
						CreatedOnToolsVersion = 11.5;
					};
				};
			};
			buildConfigurationList = 229FA7A524CF9A7D00528F72 /* Build configuration list for PBXProject "ToDoLIstPro" */;
			compatibilityVersion = "Xcode 9.3";
			developmentRegion = en;
			hasScannedForEncodings = 0;
			knownRegions = (
				en,
				Base,
			);
			mainGroup = 229FA7A124CF9A7D00528F72;
			productRefGroup = 229FA7AB24CF9A7D00528F72 /* Products */;
			projectDirPath = "";
			projectRoot = "";
			targets = (
				229FA7A924CF9A7D00528F72 /* ToDoLIstPro */,
			);
		};
/* End PBXProject section */

/* Begin PBXResourcesBuildPhase section */
		229FA7A824CF9A7D00528F72 /* Resources */ = {
			isa = PBXResourcesBuildPhase;
			buildActionMask = 2147483647;
			files = (
				229FA7BD24CF9A8100528F72 /* LaunchScreen.storyboard in Resources */,
				229FA7BA24CF9A8100528F72 /* Assets.xcassets in Resources */,
				229FA7B524CF9A7D00528F72 /* Main.storyboard in Resources */,
			);
			runOnlyForDeploymentPostprocessing = 0;
		};
/* End PBXResourcesBuildPhase section */

/* Begin PBXSourcesBuildPhase section */
		229FA7A624CF9A7D00528F72 /* Sources */ = {
			isa = PBXSourcesBuildPhase;
			buildActionMask = 2147483647;
			files = (
				229FA7AE24CF9A7D00528F72 /* AppDelegate.swift in Sources */,
				229FA7C924CFA05100528F72 /* ToDo.swift in Sources */,
				229FA7C724CFA00A00528F72 /* ToDoTableViewController.swift in Sources */,
				229FA7B024CF9A7D00528F72 /* SceneDelegate.swift in Sources */,
				229FA7B824CF9A7D00528F72 /* ToDoLIstPro.xcdatamodeld in Sources */,
			);
			runOnlyForDeploymentPostprocessing = 0;
		};
/* End PBXSourcesBuildPhase section */

/* Begin PBXVariantGroup section */
		229FA7B324CF9A7D00528F72 /* Main.storyboard */ = {
			isa = PBXVariantGroup;
			children = (
				229FA7B424CF9A7D00528F72 /* Base */,
			);
			name = Main.storyboard;
			sourceTree = "<group>";
		};
		229FA7BB24CF9A8100528F72 /* LaunchScreen.storyboard */ = {
			isa = PBXVariantGroup;
			children = (
				229FA7BC24CF9A8100528F72 /* Base */,
			);
			name = LaunchScreen.storyboard;
			sourceTree = "<group>";
		};
/* End PBXVariantGroup section */

/* Begin XCBuildConfiguration section */
		229FA7BF24CF9A8100528F72 /* Debug */ = {
			isa = XCBuildConfiguration;
			buildSettings = {
				ALWAYS_SEARCH_USER_PATHS = NO;
				CLANG_ANALYZER_NONNULL = YES;
				CLANG_ANALYZER_NUMBER_OBJECT_CONVERSION = YES_AGGRESSIVE;
				CLANG_CXX_LANGUAGE_STANDARD = "gnu++14";
				CLANG_CXX_LIBRARY = "libc++";
				CLANG_ENABLE_MODULES = YES;
				CLANG_ENABLE_OBJC_ARC = YES;
				CLANG_ENABLE_OBJC_WEAK = YES;
				CLANG_WARN_BLOCK_CAPTURE_AUTORELEASING = YES;
				CLANG_WARN_BOOL_CONVERSION = YES;
				CLANG_WARN_COMMA = YES;
				CLANG_WARN_CONSTANT_CONVERSION = YES;
				CLANG_WARN_DEPRECATED_OBJC_IMPLEMENTATIONS = YES;
				CLANG_WARN_DIRECT_OBJC_ISA_USAGE = YES_ERROR;
				CLANG_WARN_DOCUMENTATION_COMMENTS = YES;
				CLANG_WARN_EMPTY_BODY = YES;
				CLANG_WARN_ENUM_CONVERSION = YES;
				CLANG_WARN_INFINITE_RECURSION = YES;
				CLANG_WARN_INT_CONVERSION = YES;
				CLANG_WARN_NON_LITERAL_NULL_CONVERSION = YES;
				CLANG_WARN_OBJC_IMPLICIT_RETAIN_SELF = YES;
				CLANG_WARN_OBJC_LITERAL_CONVERSION = YES;
				CLANG_WARN_OBJC_ROOT_CLASS = YES_ERROR;
				CLANG_WARN_RANGE_LOOP_ANALYSIS = YES;
				CLANG_WARN_STRICT_PROTOTYPES = YES;
				CLANG_WARN_SUSPICIOUS_MOVE = YES;
				CLANG_WARN_UNGUARDED_AVAILABILITY = YES_AGGRESSIVE;
				CLANG_WARN_UNREACHABLE_CODE = YES;
				CLANG_WARN__DUPLICATE_METHOD_MATCH = YES;
				COPY_PHASE_STRIP = NO;
				DEBUG_INFORMATION_FORMAT = dwarf;
				ENABLE_STRICT_OBJC_MSGSEND = YES;
				ENABLE_TESTABILITY = YES;
				GCC_C_LANGUAGE_STANDARD = gnu11;
				GCC_DYNAMIC_NO_PIC = NO;
				GCC_NO_COMMON_BLOCKS = YES;
				GCC_OPTIMIZATION_LEVEL = 0;
				GCC_PREPROCESSOR_DEFINITIONS = (
					"DEBUG=1",
					"$(inherited)",
				);
				GCC_WARN_64_TO_32_BIT_CONVERSION = YES;
				GCC_WARN_ABOUT_RETURN_TYPE = YES_ERROR;
				GCC_WARN_UNDECLARED_SELECTOR = YES;
				GCC_WARN_UNINITIALIZED_AUTOS = YES_AGGRESSIVE;
				GCC_WARN_UNUSED_FUNCTION = YES;
				GCC_WARN_UNUSED_VARIABLE = YES;
				IPHONEOS_DEPLOYMENT_TARGET = 13.5;
				MTL_ENABLE_DEBUG_INFO = INCLUDE_SOURCE;
				MTL_FAST_MATH = YES;
				ONLY_ACTIVE_ARCH = YES;
				SDKROOT = iphoneos;
				SWIFT_ACTIVE_COMPILATION_CONDITIONS = DEBUG;
				SWIFT_OPTIMIZATION_LEVEL = "-Onone";
			};
			name = Debug;
		};
		229FA7C024CF9A8100528F72 /* Release */ = {
			isa = XCBuildConfiguration;
			buildSettings = {
				ALWAYS_SEARCH_USER_PATHS = NO;
				CLANG_ANALYZER_NONNULL = YES;
				CLANG_ANALYZER_NUMBER_OBJECT_CONVERSION = YES_AGGRESSIVE;
				CLANG_CXX_LANGUAGE_STANDARD = "gnu++14";
				CLANG_CXX_LIBRARY = "libc++";
				CLANG_ENABLE_MODULES = YES;
				CLANG_ENABLE_OBJC_ARC = YES;
				CLANG_ENABLE_OBJC_WEAK = YES;
				CLANG_WARN_BLOCK_CAPTURE_AUTORELEASING = YES;
				CLANG_WARN_BOOL_CONVERSION = YES;
				CLANG_WARN_COMMA = YES;
				CLANG_WARN_CONSTANT_CONVERSION = YES;
				CLANG_WARN_DEPRECATED_OBJC_IMPLEMENTATIONS = YES;
				CLANG_WARN_DIRECT_OBJC_ISA_USAGE = YES_ERROR;
				CLANG_WARN_DOCUMENTATION_COMMENTS = YES;
				CLANG_WARN_EMPTY_BODY = YES;
				CLANG_WARN_ENUM_CONVERSION = YES;
				CLANG_WARN_INFINITE_RECURSION = YES;
				CLANG_WARN_INT_CONVERSION = YES;
				CLANG_WARN_NON_LITERAL_NULL_CONVERSION = YES;
				CLANG_WARN_OBJC_IMPLICIT_RETAIN_SELF = YES;
				CLANG_WARN_OBJC_LITERAL_CONVERSION = YES;
				CLANG_WARN_OBJC_ROOT_CLASS = YES_ERROR;
				CLANG_WARN_RANGE_LOOP_ANALYSIS = YES;
				CLANG_WARN_STRICT_PROTOTYPES = YES;
				CLANG_WARN_SUSPICIOUS_MOVE = YES;
				CLANG_WARN_UNGUARDED_AVAILABILITY = YES_AGGRESSIVE;
				CLANG_WARN_UNREACHABLE_CODE = YES;
				CLANG_WARN__DUPLICATE_METHOD_MATCH = YES;
				COPY_PHASE_STRIP = NO;
				DEBUG_INFORMATION_FORMAT = "dwarf-with-dsym";
				ENABLE_NS_ASSERTIONS = NO;
				ENABLE_STRICT_OBJC_MSGSEND = YES;
				GCC_C_LANGUAGE_STANDARD = gnu11;
				GCC_NO_COMMON_BLOCKS = YES;
				GCC_WARN_64_TO_32_BIT_CONVERSION = YES;
				GCC_WARN_ABOUT_RETURN_TYPE = YES_ERROR;
				GCC_WARN_UNDECLARED_SELECTOR = YES;
				GCC_WARN_UNINITIALIZED_AUTOS = YES_AGGRESSIVE;
				GCC_WARN_UNUSED_FUNCTION = YES;
				GCC_WARN_UNUSED_VARIABLE = YES;
				IPHONEOS_DEPLOYMENT_TARGET = 13.5;
				MTL_ENABLE_DEBUG_INFO = NO;
				MTL_FAST_MATH = YES;
				SDKROOT = iphoneos;
				SWIFT_COMPILATION_MODE = wholemodule;
				SWIFT_OPTIMIZATION_LEVEL = "-O";
				VALIDATE_PRODUCT = YES;
			};
			name = Release;
		};
		229FA7C224CF9A8100528F72 /* Debug */ = {
			isa = XCBuildConfiguration;
			buildSettings = {
				ASSETCATALOG_COMPILER_APPICON_NAME = AppIcon;
				CODE_SIGN_STYLE = Automatic;
				INFOPLIST_FILE = ToDoLIstPro/Info.plist;
				LD_RUNPATH_SEARCH_PATHS = (
					"$(inherited)",
					"@executable_path/Frameworks",
				);
				PRODUCT_BUNDLE_IDENTIFIER = KWK2020.ToDoLIstPro;
				PRODUCT_NAME = "$(TARGET_NAME)";
				SWIFT_VERSION = 5.0;
				TARGETED_DEVICE_FAMILY = "1,2";
			};
			name = Debug;
		};
		229FA7C324CF9A8100528F72 /* Release */ = {
			isa = XCBuildConfiguration;
			buildSettings = {
				ASSETCATALOG_COMPILER_APPICON_NAME = AppIcon;
				CODE_SIGN_STYLE = Automatic;
				INFOPLIST_FILE = ToDoLIstPro/Info.plist;
				LD_RUNPATH_SEARCH_PATHS = (
					"$(inherited)",
					"@executable_path/Frameworks",
				);
				PRODUCT_BUNDLE_IDENTIFIER = KWK2020.ToDoLIstPro;
				PRODUCT_NAME = "$(TARGET_NAME)";
				SWIFT_VERSION = 5.0;
				TARGETED_DEVICE_FAMILY = "1,2";
			};
			name = Release;
		};
/* End XCBuildConfiguration section */

/* Begin XCConfigurationList section */
		229FA7A524CF9A7D00528F72 /* Build configuration list for PBXProject "ToDoLIstPro" */ = {
			isa = XCConfigurationList;
			buildConfigurations = (
				229FA7BF24CF9A8100528F72 /* Debug */,
				229FA7C024CF9A8100528F72 /* Release */,
			);
			defaultConfigurationIsVisible = 0;
			defaultConfigurationName = Release;
		};
		229FA7C124CF9A8100528F72 /* Build configuration list for PBXNativeTarget "ToDoLIstPro" */ = {
			isa = XCConfigurationList;
			buildConfigurations = (
				229FA7C224CF9A8100528F72 /* Debug */,
				229FA7C324CF9A8100528F72 /* Release */,
			);
			defaultConfigurationIsVisible = 0;
			defaultConfigurationName = Release;
		};
/* End XCConfigurationList section */

/* Begin XCVersionGroup section */
		229FA7B624CF9A7D00528F72 /* ToDoLIstPro.xcdatamodeld */ = {
			isa = XCVersionGroup;
			children = (
				229FA7B724CF9A7D00528F72 /* ToDoLIstPro.xcdatamodel */,
			);
			currentVersion = 229FA7B724CF9A7D00528F72 /* ToDoLIstPro.xcdatamodel */;
			path = ToDoLIstPro.xcdatamodeld;
			sourceTree = "<group>";
			versionGroupType = wrapper.xcdatamodel;
		};
/* End XCVersionGroup section */
	};
	rootObject = 229FA7A224CF9A7D00528F72 /* Project object */;
}
